
Microsoft Visual Studio Solution File, Format Version 12.00
# Visual Studio Version 16
VisualStudioVersion = 16.0.30523.141
MinimumVisualStudioVersion = 10.0.40219.1
Project("{FAE04EC0-301F-11D3-BF4B-00C04F79EFBC}") = "Online Judge", "Online Judge\Online Judge.csproj", "{D5FC841A-2329-4C31-904C-73702182D370}"
EndProject
Global
	GlobalSection(SolutionConfigurationPlatforms) = preSolution
		Debug|Any CPU = Debug|Any CPU
		Release|Any CPU = Release|Any CPU
	EndGlobalSection
	GlobalSection(ProjectConfigurationPlatforms) = postSolution
		{D5FC841A-2329-4C31-904C-73702182D370}.Debug|Any CPU.ActiveCfg = Debug|Any CPU
		{D5FC841A-2329-4C31-904C-73702182D370}.Debug|Any CPU.Build.0 = Debug|Any CPU
		{D5FC841A-2329-4C31-904C-73702182D370}.Release|Any CPU.ActiveCfg = Release|Any CPU
		{D5FC841A-2329-4C31-904C-73702182D370}.Release|Any CPU.Build.0 = Release|Any CPU
	EndGlobalSection
	GlobalSection(SolutionProperties) = preSolution
		HideSolutionNode = FALSE
	EndGlobalSection
	GlobalSection(ExtensibilityGlobals) = postSolution
		SolutionGuid = {FBF66CDE-FCC1-4D3B-A327-A8E442AD1300}
	EndGlobalSection
EndGlobal
